// !$*UTF8*$!
{
	archiveVersion = 1;
	classes = {
	};
	objectVersion = 50;
	objects = {

/* Begin PBXBuildFile section */
		F088134C217DE4EF003929A6 /* AppDelegate.swift in Sources */ = {isa = PBXBuildFile; fileRef = F088134B217DE4EF003929A6 /* AppDelegate.swift */; };
		F088134E217DE4F0003929A6 /* Assets.xcassets in Resources */ = {isa = PBXBuildFile; fileRef = F088134D217DE4F0003929A6 /* Assets.xcassets */; };
		F0881351217DE4F0003929A6 /* MainMenu.xib in Resources */ = {isa = PBXBuildFile; fileRef = F088134F217DE4F0003929A6 /* MainMenu.xib */; };
		F088135A217DE500003929A6 /* Grab.swift in Sources */ = {isa = PBXBuildFile; fileRef = F0881359217DE500003929A6 /* Grab.swift */; };
		F09A3C592181BF000000DEA7 /* Writer.swift in Sources */ = {isa = PBXBuildFile; fileRef = F09A3C582181BF000000DEA7 /* Writer.swift */; };
		F0AB06A2217F2B760010B619 /* Compress.swift in Sources */ = {isa = PBXBuildFile; fileRef = F0AB06A1217F2B760010B619 /* Compress.swift */; };
		F0AB06A4217F2EAF0010B619 /* DisplayLayer.swift in Sources */ = {isa = PBXBuildFile; fileRef = F0AB06A3217F2EAF0010B619 /* DisplayLayer.swift */; };
/* End PBXBuildFile section */

/* Begin PBXFileReference section */
		F0881348217DE4EF003929A6 /* grab.app */ = {isa = PBXFileReference; explicitFileType = wrapper.application; includeInIndex = 0; path = grab.app; sourceTree = BUILT_PRODUCTS_DIR; };
		F088134B217DE4EF003929A6 /* AppDelegate.swift */ = {isa = PBXFileReference; lastKnownFileType = sourcecode.swift; path = AppDelegate.swift; sourceTree = "<group>"; };
		F088134D217DE4F0003929A6 /* Assets.xcassets */ = {isa = PBXFileReference; lastKnownFileType = folder.assetcatalog; path = Assets.xcassets; sourceTree = "<group>"; };
		F0881350217DE4F0003929A6 /* Base */ = {isa = PBXFileReference; lastKnownFileType = file.xib; name = Base; path = Base.lproj/MainMenu.xib; sourceTree = "<group>"; };
		F0881352217DE4F0003929A6 /* Info.plist */ = {isa = PBXFileReference; lastKnownFileType = text.plist.xml; path = Info.plist; sourceTree = "<group>"; };
		F0881353217DE4F0003929A6 /* grab.entitlements */ = {isa = PBXFileReference; lastKnownFileType = text.plist.entitlements; path = grab.entitlements; sourceTree = "<group>"; };
		F0881359217DE500003929A6 /* Grab.swift */ = {isa = PBXFileReference; lastKnownFileType = sourcecode.swift; path = Grab.swift; sourceTree = "<group>"; };
		F09A3C582181BF000000DEA7 /* Writer.swift */ = {isa = PBXFileReference; lastKnownFileType = sourcecode.swift; path = Writer.swift; sourceTree = "<group>"; };
		F0AB06A1217F2B760010B619 /* Compress.swift */ = {isa = PBXFileReference; lastKnownFileType = sourcecode.swift; path = Compress.swift; sourceTree = "<group>"; };
		F0AB06A3217F2EAF0010B619 /* DisplayLayer.swift */ = {isa = PBXFileReference; lastKnownFileType = sourcecode.swift; path = DisplayLayer.swift; sourceTree = "<group>"; };
/* End PBXFileReference section */

/* Begin PBXFrameworksBuildPhase section */
		F0881345217DE4EF003929A6 /* Frameworks */ = {
			isa = PBXFrameworksBuildPhase;
			buildActionMask = 2147483647;
			files = (
			);
			runOnlyForDeploymentPostprocessing = 0;
		};
/* End PBXFrameworksBuildPhase section */

/* Begin PBXGroup section */
		F088133F217DE4EF003929A6 = {
			isa = PBXGroup;
			children = (
				F088134A217DE4EF003929A6 /* grab */,
				F0881349217DE4EF003929A6 /* Products */,
			);
			sourceTree = "<group>";
		};
		F0881349217DE4EF003929A6 /* Products */ = {
			isa = PBXGroup;
			children = (
				F0881348217DE4EF003929A6 /* grab.app */,
			);
			name = Products;
			sourceTree = "<group>";
		};
		F088134A217DE4EF003929A6 /* grab */ = {
			isa = PBXGroup;
			children = (
				F0881359217DE500003929A6 /* Grab.swift */,
				F0AB06A1217F2B760010B619 /* Compress.swift */,
				F0AB06A3217F2EAF0010B619 /* DisplayLayer.swift */,
				F088134B217DE4EF003929A6 /* AppDelegate.swift */,
				F088134D217DE4F0003929A6 /* Assets.xcassets */,
				F088134F217DE4F0003929A6 /* MainMenu.xib */,
				F0881352217DE4F0003929A6 /* Info.plist */,
				F0881353217DE4F0003929A6 /* grab.entitlements */,
				F09A3C582181BF000000DEA7 /* Writer.swift */,
			);
			path = grab;
			sourceTree = "<group>";
		};
/* End PBXGroup section */

/* Begin PBXNativeTarget section */
		F0881347217DE4EF003929A6 /* grab */ = {
			isa = PBXNativeTarget;
			buildConfigurationList = F0881356217DE4F0003929A6 /* Build configuration list for PBXNativeTarget "grab" */;
			buildPhases = (
				F0881344217DE4EF003929A6 /* Sources */,
				F0881345217DE4EF003929A6 /* Frameworks */,
				F0881346217DE4EF003929A6 /* Resources */,
			);
			buildRules = (
			);
			dependencies = (
			);
			name = grab;
			productName = grab;
			productReference = F0881348217DE4EF003929A6 /* grab.app */;
			productType = "com.apple.product-type.application";
		};
/* End PBXNativeTarget section */

/* Begin PBXProject section */
		F0881340217DE4EF003929A6 /* Project object */ = {
			isa = PBXProject;
			attributes = {
				LastSwiftUpdateCheck = 1000;
				LastUpgradeCheck = 1000;
				ORGANIZATIONNAME = tmp8;
				TargetAttributes = {
					F0881347217DE4EF003929A6 = {
						CreatedOnToolsVersion = 10.0;
						SystemCapabilities = {
							com.apple.Sandbox = {
								enabled = 0;
							};
						};
					};
				};
			};
			buildConfigurationList = F0881343217DE4EF003929A6 /* Build configuration list for PBXProject "grab" */;
			compatibilityVersion = "Xcode 9.3";
			developmentRegion = en;
			hasScannedForEncodings = 0;
			knownRegions = (
				en,
				Base,
			);
			mainGroup = F088133F217DE4EF003929A6;
			productRefGroup = F0881349217DE4EF003929A6 /* Products */;
			projectDirPath = "";
			projectRoot = "";
			targets = (
				F0881347217DE4EF003929A6 /* grab */,
			);
		};
/* End PBXProject section */

/* Begin PBXResourcesBuildPhase section */
		F0881346217DE4EF003929A6 /* Resources */ = {
			isa = PBXResourcesBuildPhase;
			buildActionMask = 2147483647;
			files = (
				F088134E217DE4F0003929A6 /* Assets.xcassets in Resources */,
				F0881351217DE4F0003929A6 /* MainMenu.xib in Resources */,
			);
			runOnlyForDeploymentPostprocessing = 0;
		};
/* End PBXResourcesBuildPhase section */

/* Begin PBXSourcesBuildPhase section */
		F0881344217DE4EF003929A6 /* Sources */ = {
			isa = PBXSourcesBuildPhase;
			buildActionMask = 2147483647;
			files = (
				F0AB06A4217F2EAF0010B619 /* DisplayLayer.swift in Sources */,
				F09A3C592181BF000000DEA7 /* Writer.swift in Sources */,
				F088134C217DE4EF003929A6 /* AppDelegate.swift in Sources */,
				F088135A217DE500003929A6 /* Grab.swift in Sources */,
				F0AB06A2217F2B760010B619 /* Compress.swift in Sources */,
			);
			runOnlyForDeploymentPostprocessing = 0;
		};
/* End PBXSourcesBuildPhase section */

/* Begin PBXVariantGroup section */
		F088134F217DE4F0003929A6 /* MainMenu.xib */ = {
			isa = PBXVariantGroup;
			children = (
				F0881350217DE4F0003929A6 /* Base */,
			);
			name = MainMenu.xib;
			sourceTree = "<group>";
		};
/* End PBXVariantGroup section */

/* Begin XCBuildConfiguration section */
		F0881354217DE4F0003929A6 /* Debug */ = {
			isa = XCBuildConfiguration;
			buildSettings = {
				ALWAYS_SEARCH_USER_PATHS = NO;
				CLANG_ANALYZER_NONNULL = YES;
				CLANG_ANALYZER_NUMBER_OBJECT_CONVERSION = YES_AGGRESSIVE;
				CLANG_CXX_LANGUAGE_STANDARD = "gnu++14";
				CLANG_CXX_LIBRARY = "libc++";
				CLANG_ENABLE_MODULES = YES;
				CLANG_ENABLE_OBJC_ARC = YES;
				CLANG_ENABLE_OBJC_WEAK = YES;
				CLANG_WARN_BLOCK_CAPTURE_AUTORELEASING = YES;
				CLANG_WARN_BOOL_CONVERSION = YES;
				CLANG_WARN_COMMA = YES;
				CLANG_WARN_CONSTANT_CONVERSION = YES;
				CLANG_WARN_DEPRECATED_OBJC_IMPLEMENTATIONS = YES;
				CLANG_WARN_DIRECT_OBJC_ISA_USAGE = YES_ERROR;
				CLANG_WARN_DOCUMENTATION_COMMENTS = YES;
				CLANG_WARN_EMPTY_BODY = YES;
				CLANG_WARN_ENUM_CONVERSION = YES;
				CLANG_WARN_INFINITE_RECURSION = YES;
				CLANG_WARN_INT_CONVERSION = YES;
				CLANG_WARN_NON_LITERAL_NULL_CONVERSION = YES;
				CLANG_WARN_OBJC_IMPLICIT_RETAIN_SELF = YES;
				CLANG_WARN_OBJC_LITERAL_CONVERSION = YES;
				CLANG_WARN_OBJC_ROOT_CLASS = YES_ERROR;
				CLANG_WARN_RANGE_LOOP_ANALYSIS = YES;
				CLANG_WARN_STRICT_PROTOTYPES = YES;
				CLANG_WARN_SUSPICIOUS_MOVE = YES;
				CLANG_WARN_UNGUARDED_AVAILABILITY = YES_AGGRESSIVE;
				CLANG_WARN_UNREACHABLE_CODE = YES;
				CLANG_WARN__DUPLICATE_METHOD_MATCH = YES;
				CODE_SIGN_IDENTITY = "Mac Developer";
				COPY_PHASE_STRIP = NO;
				DEBUG_INFORMATION_FORMAT = dwarf;
				ENABLE_STRICT_OBJC_MSGSEND = YES;
				ENABLE_TESTABILITY = YES;
				GCC_C_LANGUAGE_STANDARD = gnu11;
				GCC_DYNAMIC_NO_PIC = NO;
				GCC_NO_COMMON_BLOCKS = YES;
				GCC_OPTIMIZATION_LEVEL = 0;
				GCC_PREPROCESSOR_DEFINITIONS = (
					"DEBUG=1",
					"$(inherited)",
				);
				GCC_WARN_64_TO_32_BIT_CONVERSION = YES;
				GCC_WARN_ABOUT_RETURN_TYPE = YES_ERROR;
				GCC_WARN_UNDECLARED_SELECTOR = YES;
				GCC_WARN_UNINITIALIZED_AUTOS = YES_AGGRESSIVE;
				GCC_WARN_UNUSED_FUNCTION = YES;
				GCC_WARN_UNUSED_VARIABLE = YES;
				MACOSX_DEPLOYMENT_TARGET = 10.14;
				MTL_ENABLE_DEBUG_INFO = INCLUDE_SOURCE;
				MTL_FAST_MATH = YES;
				ONLY_ACTIVE_ARCH = YES;
				SDKROOT = macosx;
				SWIFT_ACTIVE_COMPILATION_CONDITIONS = DEBUG;
				SWIFT_OPTIMIZATION_LEVEL = "-Onone";
			};
			name = Debug;
		};
		F0881355217DE4F0003929A6 /* Release */ = {
			isa = XCBuildConfiguration;
			buildSettings = {
				ALWAYS_SEARCH_USER_PATHS = NO;
				CLANG_ANALYZER_NONNULL = YES;
				CLANG_ANALYZER_NUMBER_OBJECT_CONVERSION = YES_AGGRESSIVE;
				CLANG_CXX_LANGUAGE_STANDARD = "gnu++14";
				CLANG_CXX_LIBRARY = "libc++";
				CLANG_ENABLE_MODULES = YES;
				CLANG_ENABLE_OBJC_ARC = YES;
				CLANG_ENABLE_OBJC_WEAK = YES;
				CLANG_WARN_BLOCK_CAPTURE_AUTORELEASING = YES;
				CLANG_WARN_BOOL_CONVERSION = YES;
				CLANG_WARN_COMMA = YES;
				CLANG_WARN_CONSTANT_CONVERSION = YES;
				CLANG_WARN_DEPRECATED_OBJC_IMPLEMENTATIONS = YES;
				CLANG_WARN_DIRECT_OBJC_ISA_USAGE = YES_ERROR;
				CLANG_WARN_DOCUMENTATION_COMMENTS = YES;
				CLANG_WARN_EMPTY_BODY = YES;
				CLANG_WARN_ENUM_CONVERSION = YES;
				CLANG_WARN_INFINITE_RECURSION = YES;
				CLANG_WARN_INT_CONVERSION = YES;
				CLANG_WARN_NON_LITERAL_NULL_CONVERSION = YES;
				CLANG_WARN_OBJC_IMPLICIT_RETAIN_SELF = YES;
				CLANG_WARN_OBJC_LITERAL_CONVERSION = YES;
				CLANG_WARN_OBJC_ROOT_CLASS = YES_ERROR;
				CLANG_WARN_RANGE_LOOP_ANALYSIS = YES;
				CLANG_WARN_STRICT_PROTOTYPES = YES;
				CLANG_WARN_SUSPICIOUS_MOVE = YES;
				CLANG_WARN_UNGUARDED_AVAILABILITY = YES_AGGRESSIVE;
				CLANG_WARN_UNREACHABLE_CODE = YES;
				CLANG_WARN__DUPLICATE_METHOD_MATCH = YES;
				CODE_SIGN_IDENTITY = "Mac Developer";
				COPY_PHASE_STRIP = NO;
				DEBUG_INFORMATION_FORMAT = "dwarf-with-dsym";
				ENABLE_NS_ASSERTIONS = NO;
				ENABLE_STRICT_OBJC_MSGSEND = YES;
				GCC_C_LANGUAGE_STANDARD = gnu11;
				GCC_NO_COMMON_BLOCKS = YES;
				GCC_WARN_64_TO_32_BIT_CONVERSION = YES;
				GCC_WARN_ABOUT_RETURN_TYPE = YES_ERROR;
				GCC_WARN_UNDECLARED_SELECTOR = YES;
				GCC_WARN_UNINITIALIZED_AUTOS = YES_AGGRESSIVE;
				GCC_WARN_UNUSED_FUNCTION = YES;
				GCC_WARN_UNUSED_VARIABLE = YES;
				MACOSX_DEPLOYMENT_TARGET = 10.14;
				MTL_ENABLE_DEBUG_INFO = NO;
				MTL_FAST_MATH = YES;
				SDKROOT = macosx;
				SWIFT_COMPILATION_MODE = wholemodule;
				SWIFT_OPTIMIZATION_LEVEL = "-O";
			};
			name = Release;
		};
		F0881357217DE4F0003929A6 /* Debug */ = {
			isa = XCBuildConfiguration;
			buildSettings = {
				ASSETCATALOG_COMPILER_APPICON_NAME = AppIcon;
				CODE_SIGN_IDENTITY = "Mac Developer";
				CODE_SIGN_STYLE = Automatic;
				COMBINE_HIDPI_IMAGES = YES;
				DEVELOPMENT_TEAM = 6629AD7A87;
				INFOPLIST_FILE = grab/Info.plist;
				LD_RUNPATH_SEARCH_PATHS = (
					"$(inherited)",
					"@executable_path/../Frameworks",
				);
				MACOSX_DEPLOYMENT_TARGET = 10.13;
				PRODUCT_BUNDLE_IDENTIFIER = de.tmp8.grab;
				PRODUCT_NAME = "$(TARGET_NAME)";
				PROVISIONING_PROFILE_SPECIFIER = "";
				SWIFT_VERSION = 4.2;
			};
			name = Debug;
		};
		F0881358217DE4F0003929A6 /* Release */ = {
			isa = XCBuildConfiguration;
			buildSettings = {
				ASSETCATALOG_COMPILER_APPICON_NAME = AppIcon;
				CODE_SIGN_IDENTITY = "Mac Developer";
				CODE_SIGN_STYLE = Automatic;
				COMBINE_HIDPI_IMAGES = YES;
				DEVELOPMENT_TEAM = 6629AD7A87;
				INFOPLIST_FILE = grab/Info.plist;
				LD_RUNPATH_SEARCH_PATHS = (
					"$(inherited)",
					"@executable_path/../Frameworks",
				);
				MACOSX_DEPLOYMENT_TARGET = 10.13;
				PRODUCT_BUNDLE_IDENTIFIER = de.tmp8.grab;
				PRODUCT_NAME = "$(TARGET_NAME)";
				PROVISIONING_PROFILE_SPECIFIER = "";
				SWIFT_VERSION = 4.2;
			};
			name = Release;
		};
/* End XCBuildConfiguration section */

/* Begin XCConfigurationList section */
		F0881343217DE4EF003929A6 /* Build configuration list for PBXProject "grab" */ = {
			isa = XCConfigurationList;
			buildConfigurations = (
				F0881354217DE4F0003929A6 /* Debug */,
				F0881355217DE4F0003929A6 /* Release */,
			);
			defaultConfigurationIsVisible = 0;
			defaultConfigurationName = Release;
		};
		F0881356217DE4F0003929A6 /* Build configuration list for PBXNativeTarget "grab" */ = {
			isa = XCConfigurationList;
			buildConfigurations = (
				F0881357217DE4F0003929A6 /* Debug */,
				F0881358217DE4F0003929A6 /* Release */,
			);
			defaultConfigurationIsVisible = 0;
			defaultConfigurationName = Release;
		};
/* End XCConfigurationList section */
	};
	rootObject = F0881340217DE4EF003929A6 /* Project object */;
}
