{
  "object": {
    "pins": [
      {
        "package": "SwiftFFmpeg",
        "repositoryURL": "https://github.com/sunlubo/SwiftFFmpeg",
        "state": {
          "branch": "master",
          "revision": "81e3a6ebc93db473e2decb8fe7fc62d6dc8bf1b0",
          "version": null
        }
      }
    ]
  },
  "version": 1
}
