{
  "object": {
    "pins": [
      {
        "package": "SwiftFFmpeg",
        "repositoryURL": "https://github.com/vectronic/SwiftFFmpeg",
        "state": {
          "branch": "sidedataicc",
          "revision": "ae60811bcd77205b00abfbd3c22d49fde06d26f9",
          "version": null
        }
      }
    ]
  },
  "version": 1
}
